
Microsoft Visual Studio Solution File, Format Version 12.00
# Visual Studio 15
VisualStudioVersion = 15.0.28307.572
MinimumVisualStudioVersion = 10.0.40219.1
Project("{FAE04EC0-301F-11D3-BF4B-00C04F79EFBC}") = "BlogPostApp", "BlogPostApp\BlogPostApp.csproj", "{1B454959-4D7F-467C-86A5-8049C88249B7}"
EndProject
Project("{FAE04EC0-301F-11D3-BF4B-00C04F79EFBC}") = "BlogPost.Business", "BlogPost.Business\BlogPost.Business.csproj", "{BE993199-52DB-40BC-9A2C-AD44731D6F4A}"
EndProject
Project("{FAE04EC0-301F-11D3-BF4B-00C04F79EFBC}") = "BlogPost.Models", "BlogPost.Models\BlogPost.Models.csproj", "{255DF98C-27A5-4A9B-8CEE-A61093032520}"
EndProject
Global
	GlobalSection(SolutionConfigurationPlatforms) = preSolution
		Debug|Any CPU = Debug|Any CPU
		Release|Any CPU = Release|Any CPU
	EndGlobalSection
	GlobalSection(ProjectConfigurationPlatforms) = postSolution
		{1B454959-4D7F-467C-86A5-8049C88249B7}.Debug|Any CPU.ActiveCfg = Debug|Any CPU
		{1B454959-4D7F-467C-86A5-8049C88249B7}.Debug|Any CPU.Build.0 = Debug|Any CPU
		{1B454959-4D7F-467C-86A5-8049C88249B7}.Release|Any CPU.ActiveCfg = Release|Any CPU
		{1B454959-4D7F-467C-86A5-8049C88249B7}.Release|Any CPU.Build.0 = Release|Any CPU
		{BE993199-52DB-40BC-9A2C-AD44731D6F4A}.Debug|Any CPU.ActiveCfg = Debug|Any CPU
		{BE993199-52DB-40BC-9A2C-AD44731D6F4A}.Debug|Any CPU.Build.0 = Debug|Any CPU
		{BE993199-52DB-40BC-9A2C-AD44731D6F4A}.Release|Any CPU.ActiveCfg = Release|Any CPU
		{BE993199-52DB-40BC-9A2C-AD44731D6F4A}.Release|Any CPU.Build.0 = Release|Any CPU
		{255DF98C-27A5-4A9B-8CEE-A61093032520}.Debug|Any CPU.ActiveCfg = Debug|Any CPU
		{255DF98C-27A5-4A9B-8CEE-A61093032520}.Debug|Any CPU.Build.0 = Debug|Any CPU
		{255DF98C-27A5-4A9B-8CEE-A61093032520}.Release|Any CPU.ActiveCfg = Release|Any CPU
		{255DF98C-27A5-4A9B-8CEE-A61093032520}.Release|Any CPU.Build.0 = Release|Any CPU
	EndGlobalSection
	GlobalSection(SolutionProperties) = preSolution
		HideSolutionNode = FALSE
	EndGlobalSection
	GlobalSection(ExtensibilityGlobals) = postSolution
		SolutionGuid = {A8984212-FB04-4091-97E6-B5B35CFAB1BC}
	EndGlobalSection
EndGlobal
