
Microsoft Visual Studio Solution File, Format Version 12.00
# Visual Studio Version 16
VisualStudioVersion = 16.0.29025.244
MinimumVisualStudioVersion = 10.0.40219.1
Project("{FAE04EC0-301F-11D3-BF4B-00C04F79EFBC}") = "eCommerceApi", "eCommerceApi\eCommerceApi.csproj", "{93A493D9-A4CE-4857-86ED-71544FB99434}"
EndProject
Project("{FAE04EC0-301F-11D3-BF4B-00C04F79EFBC}") = "eCommerce.Api.Contracts", "eCommerce.Api.Contracts\eCommerce.Api.Contracts.csproj", "{6A2FBBEA-583C-4A1D-A4FC-6568705D3EB9}"
EndProject
Project("{FAE04EC0-301F-11D3-BF4B-00C04F79EFBC}") = "eCommerce.Api.Models", "eCommerce.Api.Models\eCommerce.Api.Models.csproj", "{F26672ED-D066-4389-8605-7C464ACAFB3C}"
EndProject
Project("{FAE04EC0-301F-11D3-BF4B-00C04F79EFBC}") = "eCommerce.Api.DataAccessLayer", "eCommerce.Api.DataAccessLayer\eCommerce.Api.DataAccessLayer.csproj", "{B779C5CB-6B42-40D4-8651-FA9745B140AF}"
EndProject
Project("{FAE04EC0-301F-11D3-BF4B-00C04F79EFBC}") = "eCommerce.Api.Business", "eCommerce.Api.Business\eCommerce.Api.Business.csproj", "{B88B51C7-374C-4ED8-967B-20BF9B924E0D}"
EndProject
Global
	GlobalSection(SolutionConfigurationPlatforms) = preSolution
		Debug|Any CPU = Debug|Any CPU
		Release|Any CPU = Release|Any CPU
	EndGlobalSection
	GlobalSection(ProjectConfigurationPlatforms) = postSolution
		{93A493D9-A4CE-4857-86ED-71544FB99434}.Debug|Any CPU.ActiveCfg = Debug|Any CPU
		{93A493D9-A4CE-4857-86ED-71544FB99434}.Debug|Any CPU.Build.0 = Debug|Any CPU
		{93A493D9-A4CE-4857-86ED-71544FB99434}.Release|Any CPU.ActiveCfg = Release|Any CPU
		{93A493D9-A4CE-4857-86ED-71544FB99434}.Release|Any CPU.Build.0 = Release|Any CPU
		{6A2FBBEA-583C-4A1D-A4FC-6568705D3EB9}.Debug|Any CPU.ActiveCfg = Debug|Any CPU
		{6A2FBBEA-583C-4A1D-A4FC-6568705D3EB9}.Debug|Any CPU.Build.0 = Debug|Any CPU
		{6A2FBBEA-583C-4A1D-A4FC-6568705D3EB9}.Release|Any CPU.ActiveCfg = Release|Any CPU
		{6A2FBBEA-583C-4A1D-A4FC-6568705D3EB9}.Release|Any CPU.Build.0 = Release|Any CPU
		{F26672ED-D066-4389-8605-7C464ACAFB3C}.Debug|Any CPU.ActiveCfg = Debug|Any CPU
		{F26672ED-D066-4389-8605-7C464ACAFB3C}.Debug|Any CPU.Build.0 = Debug|Any CPU
		{F26672ED-D066-4389-8605-7C464ACAFB3C}.Release|Any CPU.ActiveCfg = Release|Any CPU
		{F26672ED-D066-4389-8605-7C464ACAFB3C}.Release|Any CPU.Build.0 = Release|Any CPU
		{B779C5CB-6B42-40D4-8651-FA9745B140AF}.Debug|Any CPU.ActiveCfg = Debug|Any CPU
		{B779C5CB-6B42-40D4-8651-FA9745B140AF}.Debug|Any CPU.Build.0 = Debug|Any CPU
		{B779C5CB-6B42-40D4-8651-FA9745B140AF}.Release|Any CPU.ActiveCfg = Release|Any CPU
		{B779C5CB-6B42-40D4-8651-FA9745B140AF}.Release|Any CPU.Build.0 = Release|Any CPU
		{B88B51C7-374C-4ED8-967B-20BF9B924E0D}.Debug|Any CPU.ActiveCfg = Debug|Any CPU
		{B88B51C7-374C-4ED8-967B-20BF9B924E0D}.Debug|Any CPU.Build.0 = Debug|Any CPU
		{B88B51C7-374C-4ED8-967B-20BF9B924E0D}.Release|Any CPU.ActiveCfg = Release|Any CPU
		{B88B51C7-374C-4ED8-967B-20BF9B924E0D}.Release|Any CPU.Build.0 = Release|Any CPU
	EndGlobalSection
	GlobalSection(SolutionProperties) = preSolution
		HideSolutionNode = FALSE
	EndGlobalSection
	GlobalSection(ExtensibilityGlobals) = postSolution
		SolutionGuid = {A359D886-3138-4EBF-B229-806D7075E5FD}
	EndGlobalSection
EndGlobal
