
Microsoft Visual Studio Solution File, Format Version 12.00
# Visual Studio 15
VisualStudioVersion = 15.0.28307.572
MinimumVisualStudioVersion = 10.0.40219.1
Project("{FAE04EC0-301F-11D3-BF4B-00C04F79EFBC}") = "EFDbFirstDemo", "EFDbFirstDemo\EFDbFirstDemo.csproj", "{24E4C868-42F4-4F7D-A440-93B1624E2B07}"
EndProject
Global
	GlobalSection(SolutionConfigurationPlatforms) = preSolution
		Debug|Any CPU = Debug|Any CPU
		Release|Any CPU = Release|Any CPU
	EndGlobalSection
	GlobalSection(ProjectConfigurationPlatforms) = postSolution
		{24E4C868-42F4-4F7D-A440-93B1624E2B07}.Debug|Any CPU.ActiveCfg = Debug|Any CPU
		{24E4C868-42F4-4F7D-A440-93B1624E2B07}.Debug|Any CPU.Build.0 = Debug|Any CPU
		{24E4C868-42F4-4F7D-A440-93B1624E2B07}.Release|Any CPU.ActiveCfg = Release|Any CPU
		{24E4C868-42F4-4F7D-A440-93B1624E2B07}.Release|Any CPU.Build.0 = Release|Any CPU
	EndGlobalSection
	GlobalSection(SolutionProperties) = preSolution
		HideSolutionNode = FALSE
	EndGlobalSection
	GlobalSection(ExtensibilityGlobals) = postSolution
		SolutionGuid = {6C5FA3EC-4388-437C-B272-AB9571BCC3FF}
	EndGlobalSection
EndGlobal
