
Microsoft Visual Studio Solution File, Format Version 12.00
# Visual Studio Version 16
VisualStudioVersion = 16.0.29025.244
MinimumVisualStudioVersion = 10.0.40219.1
Project("{FAE04EC0-301F-11D3-BF4B-00C04F79EFBC}") = "ASPNETEFCoreDemo", "ASPNETEFCoreDemo\ASPNETEFCoreDemo.csproj", "{FB817A4A-7170-4FD1-BCBE-595B8B53F7F7}"
EndProject
Project("{FAE04EC0-301F-11D3-BF4B-00C04F79EFBC}") = "Models", "Models\Models.csproj", "{36E4E335-E46D-47D8-9C75-0C8E844C6615}"
EndProject
Project("{FAE04EC0-301F-11D3-BF4B-00C04F79EFBC}") = "DataAccess", "DataAccess\DataAccess.csproj", "{4C869B1C-6275-40EC-B89F-ED9CD021AFC5}"
EndProject
Global
	GlobalSection(SolutionConfigurationPlatforms) = preSolution
		Debug|Any CPU = Debug|Any CPU
		Release|Any CPU = Release|Any CPU
	EndGlobalSection
	GlobalSection(ProjectConfigurationPlatforms) = postSolution
		{FB817A4A-7170-4FD1-BCBE-595B8B53F7F7}.Debug|Any CPU.ActiveCfg = Debug|Any CPU
		{FB817A4A-7170-4FD1-BCBE-595B8B53F7F7}.Debug|Any CPU.Build.0 = Debug|Any CPU
		{FB817A4A-7170-4FD1-BCBE-595B8B53F7F7}.Release|Any CPU.ActiveCfg = Release|Any CPU
		{FB817A4A-7170-4FD1-BCBE-595B8B53F7F7}.Release|Any CPU.Build.0 = Release|Any CPU
		{36E4E335-E46D-47D8-9C75-0C8E844C6615}.Debug|Any CPU.ActiveCfg = Debug|Any CPU
		{36E4E335-E46D-47D8-9C75-0C8E844C6615}.Debug|Any CPU.Build.0 = Debug|Any CPU
		{36E4E335-E46D-47D8-9C75-0C8E844C6615}.Release|Any CPU.ActiveCfg = Release|Any CPU
		{36E4E335-E46D-47D8-9C75-0C8E844C6615}.Release|Any CPU.Build.0 = Release|Any CPU
		{4C869B1C-6275-40EC-B89F-ED9CD021AFC5}.Debug|Any CPU.ActiveCfg = Debug|Any CPU
		{4C869B1C-6275-40EC-B89F-ED9CD021AFC5}.Debug|Any CPU.Build.0 = Debug|Any CPU
		{4C869B1C-6275-40EC-B89F-ED9CD021AFC5}.Release|Any CPU.ActiveCfg = Release|Any CPU
		{4C869B1C-6275-40EC-B89F-ED9CD021AFC5}.Release|Any CPU.Build.0 = Release|Any CPU
	EndGlobalSection
	GlobalSection(SolutionProperties) = preSolution
		HideSolutionNode = FALSE
	EndGlobalSection
	GlobalSection(ExtensibilityGlobals) = postSolution
		SolutionGuid = {C14DB2B1-E858-4D1B-BC50-069DC969EA44}
	EndGlobalSection
EndGlobal
