
Microsoft Visual Studio Solution File, Format Version 12.00
# Visual Studio Version 16
VisualStudioVersion = 16.0.29025.244
MinimumVisualStudioVersion = 10.0.40219.1
Project("{FAE04EC0-301F-11D3-BF4B-00C04F79EFBC}") = "ASPNETCOREMVCDemoProject", "ASPNETCOREMVCDemoProject\ASPNETCOREMVCDemoProject.csproj", "{B46B6F1F-3F68-4F62-A52F-FE921B88B4AB}"
EndProject
Global
	GlobalSection(SolutionConfigurationPlatforms) = preSolution
		Debug|Any CPU = Debug|Any CPU
		Release|Any CPU = Release|Any CPU
	EndGlobalSection
	GlobalSection(ProjectConfigurationPlatforms) = postSolution
		{B46B6F1F-3F68-4F62-A52F-FE921B88B4AB}.Debug|Any CPU.ActiveCfg = Debug|Any CPU
		{B46B6F1F-3F68-4F62-A52F-FE921B88B4AB}.Debug|Any CPU.Build.0 = Debug|Any CPU
		{B46B6F1F-3F68-4F62-A52F-FE921B88B4AB}.Release|Any CPU.ActiveCfg = Release|Any CPU
		{B46B6F1F-3F68-4F62-A52F-FE921B88B4AB}.Release|Any CPU.Build.0 = Release|Any CPU
	EndGlobalSection
	GlobalSection(SolutionProperties) = preSolution
		HideSolutionNode = FALSE
	EndGlobalSection
	GlobalSection(ExtensibilityGlobals) = postSolution
		SolutionGuid = {946D9480-EB51-41A4-9045-B0FC5F349E5C}
	EndGlobalSection
EndGlobal
