
Microsoft Visual Studio Solution File, Format Version 12.00
# Visual Studio Version 16
VisualStudioVersion = 16.0.29025.244
MinimumVisualStudioVersion = 10.0.40219.1
Project("{FAE04EC0-301F-11D3-BF4B-00C04F79EFBC}") = "OrderApi", "OrderApi\OrderApi.csproj", "{0A26FAEC-A0C3-48F1-B322-D70CD623005D}"
EndProject
Project("{9A19103F-16F7-4668-BE54-9A1E7A4F7556}") = "BlogPost.Models", "..\BlogPostApp\BlogPost.Models\BlogPost.Models.csproj", "{B9D7B0C0-65AA-4E52-BD72-B28180D88793}"
EndProject
Project("{9A19103F-16F7-4668-BE54-9A1E7A4F7556}") = "BlogPost.Business", "..\BlogPostApp\BlogPost.Business\BlogPost.Business.csproj", "{2D26C8CC-0F89-4F6C-8B83-9E3E0EFDDA30}"
EndProject
Global
	GlobalSection(SolutionConfigurationPlatforms) = preSolution
		Debug|Any CPU = Debug|Any CPU
		Release|Any CPU = Release|Any CPU
	EndGlobalSection
	GlobalSection(ProjectConfigurationPlatforms) = postSolution
		{0A26FAEC-A0C3-48F1-B322-D70CD623005D}.Debug|Any CPU.ActiveCfg = Debug|Any CPU
		{0A26FAEC-A0C3-48F1-B322-D70CD623005D}.Debug|Any CPU.Build.0 = Debug|Any CPU
		{0A26FAEC-A0C3-48F1-B322-D70CD623005D}.Release|Any CPU.ActiveCfg = Release|Any CPU
		{0A26FAEC-A0C3-48F1-B322-D70CD623005D}.Release|Any CPU.Build.0 = Release|Any CPU
		{B9D7B0C0-65AA-4E52-BD72-B28180D88793}.Debug|Any CPU.ActiveCfg = Debug|Any CPU
		{B9D7B0C0-65AA-4E52-BD72-B28180D88793}.Debug|Any CPU.Build.0 = Debug|Any CPU
		{B9D7B0C0-65AA-4E52-BD72-B28180D88793}.Release|Any CPU.ActiveCfg = Release|Any CPU
		{B9D7B0C0-65AA-4E52-BD72-B28180D88793}.Release|Any CPU.Build.0 = Release|Any CPU
		{2D26C8CC-0F89-4F6C-8B83-9E3E0EFDDA30}.Debug|Any CPU.ActiveCfg = Debug|Any CPU
		{2D26C8CC-0F89-4F6C-8B83-9E3E0EFDDA30}.Debug|Any CPU.Build.0 = Debug|Any CPU
		{2D26C8CC-0F89-4F6C-8B83-9E3E0EFDDA30}.Release|Any CPU.ActiveCfg = Release|Any CPU
		{2D26C8CC-0F89-4F6C-8B83-9E3E0EFDDA30}.Release|Any CPU.Build.0 = Release|Any CPU
	EndGlobalSection
	GlobalSection(SolutionProperties) = preSolution
		HideSolutionNode = FALSE
	EndGlobalSection
	GlobalSection(ExtensibilityGlobals) = postSolution
		SolutionGuid = {C1C604FE-AFA3-4FD9-954D-6EEBE0C2E3B6}
	EndGlobalSection
EndGlobal
