
Microsoft Visual Studio Solution File, Format Version 12.00
# Visual Studio 15
VisualStudioVersion = 15.0.28307.572
MinimumVisualStudioVersion = 10.0.40219.1
Project("{FAE04EC0-301F-11D3-BF4B-00C04F79EFBC}") = "GenericCollectionDemo", "GenericCollectionDemo\GenericCollectionDemo.csproj", "{01E50B84-173E-4258-AD05-CFF7D3384C39}"
EndProject
Global
	GlobalSection(SolutionConfigurationPlatforms) = preSolution
		Debug|Any CPU = Debug|Any CPU
		Release|Any CPU = Release|Any CPU
	EndGlobalSection
	GlobalSection(ProjectConfigurationPlatforms) = postSolution
		{01E50B84-173E-4258-AD05-CFF7D3384C39}.Debug|Any CPU.ActiveCfg = Debug|Any CPU
		{01E50B84-173E-4258-AD05-CFF7D3384C39}.Debug|Any CPU.Build.0 = Debug|Any CPU
		{01E50B84-173E-4258-AD05-CFF7D3384C39}.Release|Any CPU.ActiveCfg = Release|Any CPU
		{01E50B84-173E-4258-AD05-CFF7D3384C39}.Release|Any CPU.Build.0 = Release|Any CPU
	EndGlobalSection
	GlobalSection(SolutionProperties) = preSolution
		HideSolutionNode = FALSE
	EndGlobalSection
	GlobalSection(ExtensibilityGlobals) = postSolution
		SolutionGuid = {8AA91F09-D724-4614-B5ED-AB56F616E11B}
	EndGlobalSection
EndGlobal
