
Microsoft Visual Studio Solution File, Format Version 12.00
# Visual Studio Version 16
VisualStudioVersion = 16.0.29025.244
MinimumVisualStudioVersion = 10.0.40219.1
Project("{FAE04EC0-301F-11D3-BF4B-00C04F79EFBC}") = "ASPNETCoreDemoProject", "ASPNETCoreDemoProject.csproj", "{C7AC4414-CB83-4B32-9234-A23085F04896}"
EndProject
Global
	GlobalSection(SolutionConfigurationPlatforms) = preSolution
		Debug|Any CPU = Debug|Any CPU
		Release|Any CPU = Release|Any CPU
	EndGlobalSection
	GlobalSection(ProjectConfigurationPlatforms) = postSolution
		{C7AC4414-CB83-4B32-9234-A23085F04896}.Debug|Any CPU.ActiveCfg = Debug|Any CPU
		{C7AC4414-CB83-4B32-9234-A23085F04896}.Debug|Any CPU.Build.0 = Debug|Any CPU
		{C7AC4414-CB83-4B32-9234-A23085F04896}.Release|Any CPU.ActiveCfg = Release|Any CPU
		{C7AC4414-CB83-4B32-9234-A23085F04896}.Release|Any CPU.Build.0 = Release|Any CPU
	EndGlobalSection
	GlobalSection(SolutionProperties) = preSolution
		HideSolutionNode = FALSE
	EndGlobalSection
	GlobalSection(ExtensibilityGlobals) = postSolution
		SolutionGuid = {3735EC4E-6875-44A9-8111-665E1C681CAC}
	EndGlobalSection
EndGlobal
